
Microsoft Visual Studio Solution File, Format Version 12.00
# Visual Studio 15
VisualStudioVersion = 15.0.26730.10
MinimumVisualStudioVersion = 10.0.40219.1
Project("{FAE04EC0-301F-11D3-BF4B-00C04F79EFBC}") = "Vehicle.DAL", "Vehicle.DAL\Vehicle.DAL.csproj", "{268EA2D0-E25E-4B4F-8740-3D6A1C79A646}"
EndProject
Project("{FAE04EC0-301F-11D3-BF4B-00C04F79EFBC}") = "Vehicle.MVC", "Vehicle.MVC\Vehicle.MVC.csproj", "{C4C4EBA0-B811-4D54-9BFF-B62E6F03634E}"
EndProject
Project("{FAE04EC0-301F-11D3-BF4B-00C04F79EFBC}") = "Vehicle.Service", "Vehicle.Service\Vehicle.Service.csproj", "{E0BEB648-4B8A-4B2A-B1B6-4F5F711E9169}"
EndProject
Project("{FAE04EC0-301F-11D3-BF4B-00C04F79EFBC}") = "Vehicle.Repository", "Vehicle.Repository\Vehicle.Repository.csproj", "{2CB1FEB3-D4C2-445F-A1B5-FC333B6CF19A}"
EndProject
Project("{FAE04EC0-301F-11D3-BF4B-00C04F79EFBC}") = "Vehicle.Web", "Vehicle.Web\Vehicle.Web.csproj", "{9A0ABDEF-1E16-4046-B455-F726395E2620}"
EndProject
Project("{FAE04EC0-301F-11D3-BF4B-00C04F79EFBC}") = "Vehicle.Models", "Vehicle.Models\Vehicle.Models.csproj", "{B0637B53-751E-4F30-81A9-8A6226821EE9}"
EndProject
Project("{FAE04EC0-301F-11D3-BF4B-00C04F79EFBC}") = "Vehicle.Paging", "Vehicle.Paging\Vehicle.Paging.csproj", "{9A537D7B-D87F-49C3-88D6-4A52D76EA3F8}"
EndProject
Project("{FAE04EC0-301F-11D3-BF4B-00C04F79EFBC}") = "Vehicle.Models.Common", "Vehicle.Models.Common\Vehicle.Models.Common.csproj", "{E4788C9E-70F3-4A76-8313-684CCF00387E}"
EndProject
Project("{FAE04EC0-301F-11D3-BF4B-00C04F79EFBC}") = "Vehicle.Repository.Common", "Vehicle.Repository.Common\Vehicle.Repository.Common.csproj", "{C95686F5-9F01-4CBF-B304-4F778C8368B8}"
EndProject
Project("{FAE04EC0-301F-11D3-BF4B-00C04F79EFBC}") = "Vehicle.Service.Common", "Vehicle.Service.Common\Vehicle.Service.Common.csproj", "{51BA0325-7CEF-42B1-A994-FA03272657CB}"
EndProject
Global
	GlobalSection(SolutionConfigurationPlatforms) = preSolution
		Debug|Any CPU = Debug|Any CPU
		Release|Any CPU = Release|Any CPU
	EndGlobalSection
	GlobalSection(ProjectConfigurationPlatforms) = postSolution
		{268EA2D0-E25E-4B4F-8740-3D6A1C79A646}.Debug|Any CPU.ActiveCfg = Debug|Any CPU
		{268EA2D0-E25E-4B4F-8740-3D6A1C79A646}.Debug|Any CPU.Build.0 = Debug|Any CPU
		{268EA2D0-E25E-4B4F-8740-3D6A1C79A646}.Release|Any CPU.ActiveCfg = Release|Any CPU
		{268EA2D0-E25E-4B4F-8740-3D6A1C79A646}.Release|Any CPU.Build.0 = Release|Any CPU
		{C4C4EBA0-B811-4D54-9BFF-B62E6F03634E}.Debug|Any CPU.ActiveCfg = Debug|Any CPU
		{C4C4EBA0-B811-4D54-9BFF-B62E6F03634E}.Debug|Any CPU.Build.0 = Debug|Any CPU
		{C4C4EBA0-B811-4D54-9BFF-B62E6F03634E}.Release|Any CPU.ActiveCfg = Release|Any CPU
		{C4C4EBA0-B811-4D54-9BFF-B62E6F03634E}.Release|Any CPU.Build.0 = Release|Any CPU
		{E0BEB648-4B8A-4B2A-B1B6-4F5F711E9169}.Debug|Any CPU.ActiveCfg = Debug|Any CPU
		{E0BEB648-4B8A-4B2A-B1B6-4F5F711E9169}.Debug|Any CPU.Build.0 = Debug|Any CPU
		{E0BEB648-4B8A-4B2A-B1B6-4F5F711E9169}.Release|Any CPU.ActiveCfg = Release|Any CPU
		{E0BEB648-4B8A-4B2A-B1B6-4F5F711E9169}.Release|Any CPU.Build.0 = Release|Any CPU
		{2CB1FEB3-D4C2-445F-A1B5-FC333B6CF19A}.Debug|Any CPU.ActiveCfg = Debug|Any CPU
		{2CB1FEB3-D4C2-445F-A1B5-FC333B6CF19A}.Debug|Any CPU.Build.0 = Debug|Any CPU
		{2CB1FEB3-D4C2-445F-A1B5-FC333B6CF19A}.Release|Any CPU.ActiveCfg = Release|Any CPU
		{2CB1FEB3-D4C2-445F-A1B5-FC333B6CF19A}.Release|Any CPU.Build.0 = Release|Any CPU
		{9A0ABDEF-1E16-4046-B455-F726395E2620}.Debug|Any CPU.ActiveCfg = Debug|Any CPU
		{9A0ABDEF-1E16-4046-B455-F726395E2620}.Debug|Any CPU.Build.0 = Debug|Any CPU
		{9A0ABDEF-1E16-4046-B455-F726395E2620}.Release|Any CPU.ActiveCfg = Release|Any CPU
		{9A0ABDEF-1E16-4046-B455-F726395E2620}.Release|Any CPU.Build.0 = Release|Any CPU
		{B0637B53-751E-4F30-81A9-8A6226821EE9}.Debug|Any CPU.ActiveCfg = Debug|Any CPU
		{B0637B53-751E-4F30-81A9-8A6226821EE9}.Debug|Any CPU.Build.0 = Debug|Any CPU
		{B0637B53-751E-4F30-81A9-8A6226821EE9}.Release|Any CPU.ActiveCfg = Release|Any CPU
		{B0637B53-751E-4F30-81A9-8A6226821EE9}.Release|Any CPU.Build.0 = Release|Any CPU
		{9A537D7B-D87F-49C3-88D6-4A52D76EA3F8}.Debug|Any CPU.ActiveCfg = Debug|Any CPU
		{9A537D7B-D87F-49C3-88D6-4A52D76EA3F8}.Debug|Any CPU.Build.0 = Debug|Any CPU
		{9A537D7B-D87F-49C3-88D6-4A52D76EA3F8}.Release|Any CPU.ActiveCfg = Release|Any CPU
		{9A537D7B-D87F-49C3-88D6-4A52D76EA3F8}.Release|Any CPU.Build.0 = Release|Any CPU
		{E4788C9E-70F3-4A76-8313-684CCF00387E}.Debug|Any CPU.ActiveCfg = Debug|Any CPU
		{E4788C9E-70F3-4A76-8313-684CCF00387E}.Debug|Any CPU.Build.0 = Debug|Any CPU
		{E4788C9E-70F3-4A76-8313-684CCF00387E}.Release|Any CPU.ActiveCfg = Release|Any CPU
		{E4788C9E-70F3-4A76-8313-684CCF00387E}.Release|Any CPU.Build.0 = Release|Any CPU
		{C95686F5-9F01-4CBF-B304-4F778C8368B8}.Debug|Any CPU.ActiveCfg = Debug|Any CPU
		{C95686F5-9F01-4CBF-B304-4F778C8368B8}.Debug|Any CPU.Build.0 = Debug|Any CPU
		{C95686F5-9F01-4CBF-B304-4F778C8368B8}.Release|Any CPU.ActiveCfg = Release|Any CPU
		{C95686F5-9F01-4CBF-B304-4F778C8368B8}.Release|Any CPU.Build.0 = Release|Any CPU
		{51BA0325-7CEF-42B1-A994-FA03272657CB}.Debug|Any CPU.ActiveCfg = Debug|Any CPU
		{51BA0325-7CEF-42B1-A994-FA03272657CB}.Debug|Any CPU.Build.0 = Debug|Any CPU
		{51BA0325-7CEF-42B1-A994-FA03272657CB}.Release|Any CPU.ActiveCfg = Release|Any CPU
		{51BA0325-7CEF-42B1-A994-FA03272657CB}.Release|Any CPU.Build.0 = Release|Any CPU
	EndGlobalSection
	GlobalSection(SolutionProperties) = preSolution
		HideSolutionNode = FALSE
	EndGlobalSection
	GlobalSection(ExtensibilityGlobals) = postSolution
		SolutionGuid = {AE897D04-9EE9-4F1E-98D2-44DE87FF2CD1}
	EndGlobalSection
EndGlobal
